
Microsoft Visual Studio Solution File, Format Version 10.00
# Visual Studio 2008
Project("{FAE04EC0-301F-11D3-BF4B-00C04F79EFBC}") = "ConcatPDF", "ConcatPDF\ConcatPDF.csproj", "{A43D8B80-8D7C-4C71-AFD0-D77B9D777300}"
EndProject
Project("{FAE04EC0-301F-11D3-BF4B-00C04F79EFBC}") = "LibPDF", "LibPDF\LibPDF.csproj", "{3E32649E-4D1E-47F6-AAB3-00D5D773D2E5}"
EndProject
Project("{FAE04EC0-301F-11D3-BF4B-00C04F79EFBC}") = "DecryptPDF", "DecryptPDF\DecryptPDF.csproj", "{B407ACB7-333B-48EA-AAE0-7B5D8735D3F0}"
EndProject
Project("{FAE04EC0-301F-11D3-BF4B-00C04F79EFBC}") = "SplitPDF", "SplitPDF\SplitPDF.csproj", "{07604FBD-ED61-4FF8-902D-C3ABEEE4C8E7}"
EndProject
Project("{FAE04EC0-301F-11D3-BF4B-00C04F79EFBC}") = "ConcatPDFUI", "ConcatPDFUI\ConcatPDFUI.csproj", "{2B695FC2-64BF-4D21-9867-E63C8B000EE9}"
EndProject
Project("{FAE04EC0-301F-11D3-BF4B-00C04F79EFBC}") = "ConcatPDFW", "ConcatPDFW\ConcatPDFW.csproj", "{96C7AD13-98B8-43F5-BD12-75EF54A8DE19}"
EndProject
Project("{54435603-DBB4-11D2-8724-00A0C9A8B90C}") = "ConcatPDFDeploy", "ConcatPDFDeploy\ConcatPDFDeploy.vdproj", "{93ED7A1C-F06C-4F6D-8830-33CDC5AF916B}"
EndProject
Global
	GlobalSection(SolutionConfigurationPlatforms) = preSolution
		Debug|Any CPU = Debug|Any CPU
		Debug|x86 = Debug|x86
		Release|Any CPU = Release|Any CPU
		Release|x86 = Release|x86
	EndGlobalSection
	GlobalSection(ProjectConfigurationPlatforms) = postSolution
		{A43D8B80-8D7C-4C71-AFD0-D77B9D777300}.Debug|Any CPU.ActiveCfg = Debug|Any CPU
		{A43D8B80-8D7C-4C71-AFD0-D77B9D777300}.Debug|Any CPU.Build.0 = Debug|Any CPU
		{A43D8B80-8D7C-4C71-AFD0-D77B9D777300}.Debug|x86.ActiveCfg = Debug|x86
		{A43D8B80-8D7C-4C71-AFD0-D77B9D777300}.Debug|x86.Build.0 = Debug|x86
		{A43D8B80-8D7C-4C71-AFD0-D77B9D777300}.Release|Any CPU.ActiveCfg = Release|Any CPU
		{A43D8B80-8D7C-4C71-AFD0-D77B9D777300}.Release|Any CPU.Build.0 = Release|Any CPU
		{A43D8B80-8D7C-4C71-AFD0-D77B9D777300}.Release|x86.ActiveCfg = Release|x86
		{A43D8B80-8D7C-4C71-AFD0-D77B9D777300}.Release|x86.Build.0 = Release|x86
		{3E32649E-4D1E-47F6-AAB3-00D5D773D2E5}.Debug|Any CPU.ActiveCfg = Debug|Any CPU
		{3E32649E-4D1E-47F6-AAB3-00D5D773D2E5}.Debug|Any CPU.Build.0 = Debug|Any CPU
		{3E32649E-4D1E-47F6-AAB3-00D5D773D2E5}.Debug|x86.ActiveCfg = Debug|x86
		{3E32649E-4D1E-47F6-AAB3-00D5D773D2E5}.Debug|x86.Build.0 = Debug|x86
		{3E32649E-4D1E-47F6-AAB3-00D5D773D2E5}.Release|Any CPU.ActiveCfg = Release|Any CPU
		{3E32649E-4D1E-47F6-AAB3-00D5D773D2E5}.Release|Any CPU.Build.0 = Release|Any CPU
		{3E32649E-4D1E-47F6-AAB3-00D5D773D2E5}.Release|x86.ActiveCfg = Release|x86
		{3E32649E-4D1E-47F6-AAB3-00D5D773D2E5}.Release|x86.Build.0 = Release|x86
		{B407ACB7-333B-48EA-AAE0-7B5D8735D3F0}.Debug|Any CPU.ActiveCfg = Debug|Any CPU
		{B407ACB7-333B-48EA-AAE0-7B5D8735D3F0}.Debug|Any CPU.Build.0 = Debug|Any CPU
		{B407ACB7-333B-48EA-AAE0-7B5D8735D3F0}.Debug|x86.ActiveCfg = Debug|x86
		{B407ACB7-333B-48EA-AAE0-7B5D8735D3F0}.Debug|x86.Build.0 = Debug|x86
		{B407ACB7-333B-48EA-AAE0-7B5D8735D3F0}.Release|Any CPU.ActiveCfg = Release|Any CPU
		{B407ACB7-333B-48EA-AAE0-7B5D8735D3F0}.Release|Any CPU.Build.0 = Release|Any CPU
		{B407ACB7-333B-48EA-AAE0-7B5D8735D3F0}.Release|x86.ActiveCfg = Release|x86
		{B407ACB7-333B-48EA-AAE0-7B5D8735D3F0}.Release|x86.Build.0 = Release|x86
		{07604FBD-ED61-4FF8-902D-C3ABEEE4C8E7}.Debug|Any CPU.ActiveCfg = Debug|Any CPU
		{07604FBD-ED61-4FF8-902D-C3ABEEE4C8E7}.Debug|Any CPU.Build.0 = Debug|Any CPU
		{07604FBD-ED61-4FF8-902D-C3ABEEE4C8E7}.Debug|x86.ActiveCfg = Debug|x86
		{07604FBD-ED61-4FF8-902D-C3ABEEE4C8E7}.Debug|x86.Build.0 = Debug|x86
		{07604FBD-ED61-4FF8-902D-C3ABEEE4C8E7}.Release|Any CPU.ActiveCfg = Release|Any CPU
		{07604FBD-ED61-4FF8-902D-C3ABEEE4C8E7}.Release|Any CPU.Build.0 = Release|Any CPU
		{07604FBD-ED61-4FF8-902D-C3ABEEE4C8E7}.Release|x86.ActiveCfg = Release|x86
		{07604FBD-ED61-4FF8-902D-C3ABEEE4C8E7}.Release|x86.Build.0 = Release|x86
		{2B695FC2-64BF-4D21-9867-E63C8B000EE9}.Debug|Any CPU.ActiveCfg = Debug|Any CPU
		{2B695FC2-64BF-4D21-9867-E63C8B000EE9}.Debug|Any CPU.Build.0 = Debug|Any CPU
		{2B695FC2-64BF-4D21-9867-E63C8B000EE9}.Debug|x86.ActiveCfg = Debug|x86
		{2B695FC2-64BF-4D21-9867-E63C8B000EE9}.Debug|x86.Build.0 = Debug|x86
		{2B695FC2-64BF-4D21-9867-E63C8B000EE9}.Release|Any CPU.ActiveCfg = Release|Any CPU
		{2B695FC2-64BF-4D21-9867-E63C8B000EE9}.Release|Any CPU.Build.0 = Release|Any CPU
		{2B695FC2-64BF-4D21-9867-E63C8B000EE9}.Release|x86.ActiveCfg = Release|x86
		{2B695FC2-64BF-4D21-9867-E63C8B000EE9}.Release|x86.Build.0 = Release|x86
		{96C7AD13-98B8-43F5-BD12-75EF54A8DE19}.Debug|Any CPU.ActiveCfg = Debug|Any CPU
		{96C7AD13-98B8-43F5-BD12-75EF54A8DE19}.Debug|Any CPU.Build.0 = Debug|Any CPU
		{96C7AD13-98B8-43F5-BD12-75EF54A8DE19}.Debug|x86.ActiveCfg = Debug|x86
		{96C7AD13-98B8-43F5-BD12-75EF54A8DE19}.Debug|x86.Build.0 = Debug|x86
		{96C7AD13-98B8-43F5-BD12-75EF54A8DE19}.Release|Any CPU.ActiveCfg = Release|Any CPU
		{96C7AD13-98B8-43F5-BD12-75EF54A8DE19}.Release|Any CPU.Build.0 = Release|Any CPU
		{96C7AD13-98B8-43F5-BD12-75EF54A8DE19}.Release|x86.ActiveCfg = Release|x86
		{96C7AD13-98B8-43F5-BD12-75EF54A8DE19}.Release|x86.Build.0 = Release|x86
		{93ED7A1C-F06C-4F6D-8830-33CDC5AF916B}.Debug|Any CPU.ActiveCfg = Debug
		{93ED7A1C-F06C-4F6D-8830-33CDC5AF916B}.Debug|x86.ActiveCfg = Debug
		{93ED7A1C-F06C-4F6D-8830-33CDC5AF916B}.Release|Any CPU.ActiveCfg = Release
		{93ED7A1C-F06C-4F6D-8830-33CDC5AF916B}.Release|Any CPU.Build.0 = Release
		{93ED7A1C-F06C-4F6D-8830-33CDC5AF916B}.Release|x86.ActiveCfg = Release
		{93ED7A1C-F06C-4F6D-8830-33CDC5AF916B}.Release|x86.Build.0 = Release
	EndGlobalSection
	GlobalSection(SolutionProperties) = preSolution
		HideSolutionNode = FALSE
	EndGlobalSection
EndGlobal
